
Microsoft Visual Studio Solution File, Format Version 9.00
# Visual Studio 2005
Project("{8BC9CEB8-8B4A-11D0-8D11-00A0C91BC942}") = "TestGetLineS25", "TestGetLineS25\TestGetLineS25.vcproj", "{97A9C907-437A-489B-A7C1-8B7BD825DDD1}"
EndProject
Global
	GlobalSection(SolutionConfigurationPlatforms) = preSolution
		Debug|Win32 = Debug|Win32
		Release|Win32 = Release|Win32
	EndGlobalSection
	GlobalSection(ProjectConfigurationPlatforms) = postSolution
		{97A9C907-437A-489B-A7C1-8B7BD825DDD1}.Debug|Win32.ActiveCfg = Debug|Win32
		{97A9C907-437A-489B-A7C1-8B7BD825DDD1}.Debug|Win32.Build.0 = Debug|Win32
		{97A9C907-437A-489B-A7C1-8B7BD825DDD1}.Release|Win32.ActiveCfg = Release|Win32
		{97A9C907-437A-489B-A7C1-8B7BD825DDD1}.Release|Win32.Build.0 = Release|Win32
	EndGlobalSection
	GlobalSection(SolutionProperties) = preSolution
		HideSolutionNode = FALSE
	EndGlobalSection
EndGlobal
